
Microsoft Visual Studio Solution File, Format Version 12.00
# Visual Studio Version 17
VisualStudioVersion = 17.11.35208.52
MinimumVisualStudioVersion = 10.0.40219.1
Project("{00D1A9C2-B5F0-4AF3-8072-F6C62B433612}") = "PL-prediction-db", "PL-prediction-db.sqlproj", "{03AD1A1D-108D-4252-B2F8-D12E0A9867F9}"
EndProject
Project("{C9674DCB-5085-4A16-B785-4C70DD1589BD}") = "PL-SSIS", "..\PL-SSIS\PL-SSIS.dtproj", "{6F80413C-F8B5-4F4D-A1B3-2AD32FFA6871}"
EndProject
Global
	GlobalSection(SolutionConfigurationPlatforms) = preSolution
		Debug|Any CPU = Debug|Any CPU
		Development|Any CPU = Development|Any CPU
		Release|Any CPU = Release|Any CPU
	EndGlobalSection
	GlobalSection(ProjectConfigurationPlatforms) = postSolution
		{03AD1A1D-108D-4252-B2F8-D12E0A9867F9}.Debug|Any CPU.ActiveCfg = Debug|Any CPU
		{03AD1A1D-108D-4252-B2F8-D12E0A9867F9}.Debug|Any CPU.Build.0 = Debug|Any CPU
		{03AD1A1D-108D-4252-B2F8-D12E0A9867F9}.Debug|Any CPU.Deploy.0 = Debug|Any CPU
		{03AD1A1D-108D-4252-B2F8-D12E0A9867F9}.Development|Any CPU.ActiveCfg = Debug|Any CPU
		{03AD1A1D-108D-4252-B2F8-D12E0A9867F9}.Development|Any CPU.Build.0 = Debug|Any CPU
		{03AD1A1D-108D-4252-B2F8-D12E0A9867F9}.Development|Any CPU.Deploy.0 = Debug|Any CPU
		{03AD1A1D-108D-4252-B2F8-D12E0A9867F9}.Release|Any CPU.ActiveCfg = Release|Any CPU
		{03AD1A1D-108D-4252-B2F8-D12E0A9867F9}.Release|Any CPU.Build.0 = Release|Any CPU
		{03AD1A1D-108D-4252-B2F8-D12E0A9867F9}.Release|Any CPU.Deploy.0 = Release|Any CPU
		{6F80413C-F8B5-4F4D-A1B3-2AD32FFA6871}.Debug|Any CPU.ActiveCfg = Development
		{6F80413C-F8B5-4F4D-A1B3-2AD32FFA6871}.Debug|Any CPU.Build.0 = Development
		{6F80413C-F8B5-4F4D-A1B3-2AD32FFA6871}.Development|Any CPU.ActiveCfg = Development
		{6F80413C-F8B5-4F4D-A1B3-2AD32FFA6871}.Development|Any CPU.Build.0 = Development
		{6F80413C-F8B5-4F4D-A1B3-2AD32FFA6871}.Release|Any CPU.ActiveCfg = Development
		{6F80413C-F8B5-4F4D-A1B3-2AD32FFA6871}.Release|Any CPU.Build.0 = Development
	EndGlobalSection
	GlobalSection(SolutionProperties) = preSolution
		HideSolutionNode = FALSE
	EndGlobalSection
	GlobalSection(ExtensibilityGlobals) = postSolution
		SolutionGuid = {115669E4-A2D2-4BBF-ACFA-0573F25A9ADB}
	EndGlobalSection
EndGlobal
