
Microsoft Visual Studio Solution File, Format Version 12.00
# Visual Studio Version 17
VisualStudioVersion = 17.13.35825.156
MinimumVisualStudioVersion = 10.0.40219.1
Project("{888888A0-9F3D-457C-B088-3A5042F75D52}") = "PL-Classifier", "PL-Classifier.pyproj", "{F1033D51-20CD-49DA-A12A-12CCD0129678}"
EndProject
Global
	GlobalSection(SolutionConfigurationPlatforms) = preSolution
		Debug|Any CPU = Debug|Any CPU
		Release|Any CPU = Release|Any CPU
	EndGlobalSection
	GlobalSection(ProjectConfigurationPlatforms) = postSolution
		{F1033D51-20CD-49DA-A12A-12CCD0129678}.Debug|Any CPU.ActiveCfg = Debug|Any CPU
		{F1033D51-20CD-49DA-A12A-12CCD0129678}.Release|Any CPU.ActiveCfg = Release|Any CPU
	EndGlobalSection
	GlobalSection(SolutionProperties) = preSolution
		HideSolutionNode = FALSE
	EndGlobalSection
	GlobalSection(ExtensibilityGlobals) = postSolution
		SolutionGuid = {B612E67A-779B-4EBC-924A-3C0B4194F985}
	EndGlobalSection
EndGlobal
